
Microsoft Visual Studio Solution File, Format Version 12.00
# Visual Studio Version 16
VisualStudioVersion = 16.0.31205.134
MinimumVisualStudioVersion = 10.0.40219.1
Project("{FAE04EC0-301F-11D3-BF4B-00C04F79EFBC}") = "Fruits.Api", "Fruits.Api\Fruits.Api.csproj", "{72E0F54D-D50C-44B8-BDD2-BE0D542EE47C}"
EndProject
Project("{FAE04EC0-301F-11D3-BF4B-00C04F79EFBC}") = "Fruits.Data", "Fruits.Data\Fruits.Data.csproj", "{164CDBEE-3B9B-4989-91D8-0654A9BF286F}"
EndProject
Project("{FAE04EC0-301F-11D3-BF4B-00C04F79EFBC}") = "Fruits.Core", "Fruits.Core\Fruits.Core.csproj", "{ADE5DA14-22DF-45F7-B8FD-ED0A17A91777}"
EndProject
Project("{00D1A9C2-B5F0-4AF3-8072-F6C62B433612}") = "Fruits.SQL", "Fruits.SQL\Fruits.SQL.sqlproj", "{C4CC94AA-B117-4A31-8B80-925D8B471266}"
EndProject
Global
	GlobalSection(SolutionConfigurationPlatforms) = preSolution
		Debug|Any CPU = Debug|Any CPU
		Release|Any CPU = Release|Any CPU
	EndGlobalSection
	GlobalSection(ProjectConfigurationPlatforms) = postSolution
		{72E0F54D-D50C-44B8-BDD2-BE0D542EE47C}.Debug|Any CPU.ActiveCfg = Debug|Any CPU
		{72E0F54D-D50C-44B8-BDD2-BE0D542EE47C}.Debug|Any CPU.Build.0 = Debug|Any CPU
		{72E0F54D-D50C-44B8-BDD2-BE0D542EE47C}.Release|Any CPU.ActiveCfg = Release|Any CPU
		{72E0F54D-D50C-44B8-BDD2-BE0D542EE47C}.Release|Any CPU.Build.0 = Release|Any CPU
		{164CDBEE-3B9B-4989-91D8-0654A9BF286F}.Debug|Any CPU.ActiveCfg = Debug|Any CPU
		{164CDBEE-3B9B-4989-91D8-0654A9BF286F}.Debug|Any CPU.Build.0 = Debug|Any CPU
		{164CDBEE-3B9B-4989-91D8-0654A9BF286F}.Release|Any CPU.ActiveCfg = Release|Any CPU
		{164CDBEE-3B9B-4989-91D8-0654A9BF286F}.Release|Any CPU.Build.0 = Release|Any CPU
		{ADE5DA14-22DF-45F7-B8FD-ED0A17A91777}.Debug|Any CPU.ActiveCfg = Debug|Any CPU
		{ADE5DA14-22DF-45F7-B8FD-ED0A17A91777}.Debug|Any CPU.Build.0 = Debug|Any CPU
		{ADE5DA14-22DF-45F7-B8FD-ED0A17A91777}.Release|Any CPU.ActiveCfg = Release|Any CPU
		{ADE5DA14-22DF-45F7-B8FD-ED0A17A91777}.Release|Any CPU.Build.0 = Release|Any CPU
		{C4CC94AA-B117-4A31-8B80-925D8B471266}.Debug|Any CPU.ActiveCfg = Debug|Any CPU
		{C4CC94AA-B117-4A31-8B80-925D8B471266}.Debug|Any CPU.Build.0 = Debug|Any CPU
		{C4CC94AA-B117-4A31-8B80-925D8B471266}.Debug|Any CPU.Deploy.0 = Debug|Any CPU
		{C4CC94AA-B117-4A31-8B80-925D8B471266}.Release|Any CPU.ActiveCfg = Release|Any CPU
		{C4CC94AA-B117-4A31-8B80-925D8B471266}.Release|Any CPU.Build.0 = Release|Any CPU
		{C4CC94AA-B117-4A31-8B80-925D8B471266}.Release|Any CPU.Deploy.0 = Release|Any CPU
	EndGlobalSection
	GlobalSection(SolutionProperties) = preSolution
		HideSolutionNode = FALSE
	EndGlobalSection
	GlobalSection(ExtensibilityGlobals) = postSolution
		SolutionGuid = {66762812-3B80-4D3F-A490-521137B73768}
	EndGlobalSection
EndGlobal
